
Microsoft Visual Studio Solution File, Format Version 12.00
# Visual Studio 15
VisualStudioVersion = 15.0.28307.779
MinimumVisualStudioVersion = 10.0.40219.1
Project("{8BC9CEB8-8B4A-11D0-8D11-00A0C91BC942}") = "Project3-3", "Project3-3\Project3-3.vcxproj", "{16D24028-85C4-4D54-8E3F-623512D3ACDA}"
EndProject
Global
	GlobalSection(SolutionConfigurationPlatforms) = preSolution
		Debug|x64 = Debug|x64
		Debug|x86 = Debug|x86
		Release|x64 = Release|x64
		Release|x86 = Release|x86
	EndGlobalSection
	GlobalSection(ProjectConfigurationPlatforms) = postSolution
		{16D24028-85C4-4D54-8E3F-623512D3ACDA}.Debug|x64.ActiveCfg = Debug|x64
		{16D24028-85C4-4D54-8E3F-623512D3ACDA}.Debug|x64.Build.0 = Debug|x64
		{16D24028-85C4-4D54-8E3F-623512D3ACDA}.Debug|x86.ActiveCfg = Debug|Win32
		{16D24028-85C4-4D54-8E3F-623512D3ACDA}.Debug|x86.Build.0 = Debug|Win32
		{16D24028-85C4-4D54-8E3F-623512D3ACDA}.Release|x64.ActiveCfg = Release|x64
		{16D24028-85C4-4D54-8E3F-623512D3ACDA}.Release|x64.Build.0 = Release|x64
		{16D24028-85C4-4D54-8E3F-623512D3ACDA}.Release|x86.ActiveCfg = Release|Win32
		{16D24028-85C4-4D54-8E3F-623512D3ACDA}.Release|x86.Build.0 = Release|Win32
	EndGlobalSection
	GlobalSection(SolutionProperties) = preSolution
		HideSolutionNode = FALSE
	EndGlobalSection
	GlobalSection(ExtensibilityGlobals) = postSolution
		SolutionGuid = {9A9C7534-E16E-4E8C-9F9B-5B705C0CAD4D}
	EndGlobalSection
EndGlobal
